
Microsoft Visual Studio Solution File, Format Version 12.00
# Visual Studio 2012
Project("{FAE04EC0-301F-11D3-BF4B-00C04F79EFBC}") = "Scratch.MyCamera", "Scratch.MyCamera\Scratch.MyCamera.csproj", "{4B1608B3-84C3-4E5D-B219-89B85AD6B1FA}"
EndProject
Global
	GlobalSection(SolutionConfigurationPlatforms) = preSolution
		Debug|Any CPU = Debug|Any CPU
		Release|Any CPU = Release|Any CPU
	EndGlobalSection
	GlobalSection(ProjectConfigurationPlatforms) = postSolution
		{4B1608B3-84C3-4E5D-B219-89B85AD6B1FA}.Debug|Any CPU.ActiveCfg = Debug|Any CPU
		{4B1608B3-84C3-4E5D-B219-89B85AD6B1FA}.Debug|Any CPU.Build.0 = Debug|Any CPU
		{4B1608B3-84C3-4E5D-B219-89B85AD6B1FA}.Release|Any CPU.ActiveCfg = Release|Any CPU
		{4B1608B3-84C3-4E5D-B219-89B85AD6B1FA}.Release|Any CPU.Build.0 = Release|Any CPU
	EndGlobalSection
EndGlobal
